
Microsoft Visual Studio Solution File, Format Version 12.00
# Visual Studio Version 17
VisualStudioVersion = 17.10.35013.160
MinimumVisualStudioVersion = 10.0.40219.1
Project("{FAE04EC0-301F-11D3-BF4B-00C04F79EFBC}") = "CoffeeFive", "CoffeeFive.csproj", "{48C832FD-3FA3-4E72-A6F8-C3AF343702DF}"
EndProject
Global
	GlobalSection(SolutionConfigurationPlatforms) = preSolution
		Debug|Any CPU = Debug|Any CPU
		Release|Any CPU = Release|Any CPU
	EndGlobalSection
	GlobalSection(ProjectConfigurationPlatforms) = postSolution
		{48C832FD-3FA3-4E72-A6F8-C3AF343702DF}.Debug|Any CPU.ActiveCfg = Debug|Any CPU
		{48C832FD-3FA3-4E72-A6F8-C3AF343702DF}.Debug|Any CPU.Build.0 = Debug|Any CPU
		{48C832FD-3FA3-4E72-A6F8-C3AF343702DF}.Release|Any CPU.ActiveCfg = Release|Any CPU
		{48C832FD-3FA3-4E72-A6F8-C3AF343702DF}.Release|Any CPU.Build.0 = Release|Any CPU
	EndGlobalSection
	GlobalSection(SolutionProperties) = preSolution
		HideSolutionNode = FALSE
	EndGlobalSection
	GlobalSection(ExtensibilityGlobals) = postSolution
		SolutionGuid = {ECB4900D-7510-43D0-90D7-D6272AB10B52}
	EndGlobalSection
EndGlobal
